
Microsoft Visual Studio Solution File, Format Version 12.00
# Visual Studio Version 16
VisualStudioVersion = 16.0.30804.86
MinimumVisualStudioVersion = 10.0.40219.1
Project("{FAE04EC0-301F-11D3-BF4B-00C04F79EFBC}") = "CheckGocator", "CheckGocator\CheckGocator.csproj", "{3188FFA6-2EE0-4E6C-8086-A9B1B9277CEB}"
EndProject
Global
	GlobalSection(SolutionConfigurationPlatforms) = preSolution
		Debug|Any CPU = Debug|Any CPU
		Release|Any CPU = Release|Any CPU
	EndGlobalSection
	GlobalSection(ProjectConfigurationPlatforms) = postSolution
		{3188FFA6-2EE0-4E6C-8086-A9B1B9277CEB}.Debug|Any CPU.ActiveCfg = Debug|Any CPU
		{3188FFA6-2EE0-4E6C-8086-A9B1B9277CEB}.Debug|Any CPU.Build.0 = Debug|Any CPU
		{3188FFA6-2EE0-4E6C-8086-A9B1B9277CEB}.Release|Any CPU.ActiveCfg = Release|Any CPU
		{3188FFA6-2EE0-4E6C-8086-A9B1B9277CEB}.Release|Any CPU.Build.0 = Release|Any CPU
	EndGlobalSection
	GlobalSection(SolutionProperties) = preSolution
		HideSolutionNode = FALSE
	EndGlobalSection
	GlobalSection(ExtensibilityGlobals) = postSolution
		SolutionGuid = {376E2044-6054-41CD-B16F-0D2EDE7A361E}
	EndGlobalSection
EndGlobal
